
Microsoft Visual Studio Solution File, Format Version 12.00
# Visual Studio Version 17
VisualStudioVersion = 17.4.33103.184
MinimumVisualStudioVersion = 10.0.40219.1
Project("{FAE04EC0-301F-11D3-BF4B-00C04F79EFBC}") = "LauncherPatcher", "LauncherPatcher.csproj", "{559448DB-28D0-4DED-8E6C-C3F3D00503ED}"
EndProject
Global
	GlobalSection(SolutionConfigurationPlatforms) = preSolution
		Debug|Any CPU = Debug|Any CPU
		Release|Any CPU = Release|Any CPU
	EndGlobalSection
	GlobalSection(ProjectConfigurationPlatforms) = postSolution
		{559448DB-28D0-4DED-8E6C-C3F3D00503ED}.Debug|Any CPU.ActiveCfg = Debug|Any CPU
		{559448DB-28D0-4DED-8E6C-C3F3D00503ED}.Debug|Any CPU.Build.0 = Debug|Any CPU
		{559448DB-28D0-4DED-8E6C-C3F3D00503ED}.Release|Any CPU.ActiveCfg = Release|Any CPU
		{559448DB-28D0-4DED-8E6C-C3F3D00503ED}.Release|Any CPU.Build.0 = Release|Any CPU
	EndGlobalSection
	GlobalSection(SolutionProperties) = preSolution
		HideSolutionNode = FALSE
	EndGlobalSection
	GlobalSection(ExtensibilityGlobals) = postSolution
		SolutionGuid = {EB893473-2AE5-46F9-8C69-756190C0738E}
	EndGlobalSection
EndGlobal
