
Microsoft Visual Studio Solution File, Format Version 12.00
# Visual Studio Version 17
VisualStudioVersion = 17.3.32825.248
MinimumVisualStudioVersion = 10.0.40219.1
Project("{9A19103F-16F7-4668-BE54-9A1E7A4F7556}") = "LauncherPatcher", "LauncherPatcher.csproj", "{5E511D34-46F5-4866-95D2-D5F99CC9EDEF}"
EndProject
Global
	GlobalSection(SolutionConfigurationPlatforms) = preSolution
		Debug|Any CPU = Debug|Any CPU
		Release|Any CPU = Release|Any CPU
	EndGlobalSection
	GlobalSection(ProjectConfigurationPlatforms) = postSolution
		{5E511D34-46F5-4866-95D2-D5F99CC9EDEF}.Debug|Any CPU.ActiveCfg = Debug|Any CPU
		{5E511D34-46F5-4866-95D2-D5F99CC9EDEF}.Debug|Any CPU.Build.0 = Debug|Any CPU
		{5E511D34-46F5-4866-95D2-D5F99CC9EDEF}.Release|Any CPU.ActiveCfg = Release|Any CPU
		{5E511D34-46F5-4866-95D2-D5F99CC9EDEF}.Release|Any CPU.Build.0 = Release|Any CPU
	EndGlobalSection
	GlobalSection(SolutionProperties) = preSolution
		HideSolutionNode = FALSE
	EndGlobalSection
	GlobalSection(ExtensibilityGlobals) = postSolution
		SolutionGuid = {99E4DB0E-1709-46C5-87F3-19C3A914578C}
	EndGlobalSection
EndGlobal
